
Microsoft Visual Studio Solution File, Format Version 12.00
# Visual Studio 15
Project("{FAE04EC0-301F-11D3-BF4B-00C04F79EFBC}") = "assetRegister", "assetRegister.csproj", "{A5753ACD-287A-4E75-9C17-CEDAB0B60F7A}"
EndProject
Global
	GlobalSection(SolutionConfigurationPlatforms) = preSolution
		Debug|Any CPU = Debug|Any CPU
		Release|Any CPU = Release|Any CPU
	EndGlobalSection
	GlobalSection(ProjectConfigurationPlatforms) = postSolution
		{A5753ACD-287A-4E75-9C17-CEDAB0B60F7A}.Debug|Any CPU.ActiveCfg = Debug|Any CPU
		{A5753ACD-287A-4E75-9C17-CEDAB0B60F7A}.Debug|Any CPU.Build.0 = Debug|Any CPU
		{A5753ACD-287A-4E75-9C17-CEDAB0B60F7A}.Release|Any CPU.ActiveCfg = Release|Any CPU
		{A5753ACD-287A-4E75-9C17-CEDAB0B60F7A}.Release|Any CPU.Build.0 = Release|Any CPU
	EndGlobalSection
EndGlobal
